# This file was autogenerated by Stack.
# You should not edit this file by hand.
# For more information, please see the documentation at:
#   https://docs.haskellstack.org/en/stable/lock_files

packages:
- completed:
    hackage: hmatrix-csv-0.1.0.2@sha256:687460573413dbb23ba3eeff95e9fac342a2d439db1006846767a095e7f23356,1031
    pantry-tree:
      size: 215
      sha256: e61f0341b67f432dbd40ab8db106a2b18f441528534b5d05ce040fc3dbdd779c
  original:
    hackage: hmatrix-csv-0.1.0.2@sha256:687460573413dbb23ba3eeff95e9fac342a2d439db1006846767a095e7f23356,1031
- completed:
    hackage: reanimate-0.1.9.0@sha256:2104dbe4c66bd97d1226f90a1fd3302332d5f1cd7680f9a0bb1c03a54f6dde4d,3906
    pantry-tree:
      size: 10179
      sha256: 1a7ac5816be3c6dfbcdeda37a77302d812e258cb82bbaaa21d359a2c86a14952
  original:
    hackage: reanimate-0.1.9.0
snapshots:
- completed:
    size: 524154
    url: https://raw.githubusercontent.com/commercialhaskell/stackage-snapshots/master/lts/14/20.yaml
    sha256: 2f5099f69ddb6abfe64400fe1e6a604e8e628f55e6837211cd70a81eb0a8fa4d
  original: lts-14.20
